
Microsoft Visual Studio Solution File, Format Version 12.00
# Visual Studio Version 17
VisualStudioVersion = 17.9.34728.123
MinimumVisualStudioVersion = 10.0.40219.1
Project("{9A19103F-16F7-4668-BE54-9A1E7A4F7556}") = "DatingApp.Server", "DatingApp.Server\DatingApp.Server.csproj", "{B7370687-F3A1-4B78-A4F5-D683AD219F74}"
EndProject
Project("{FAE04EC0-301F-11D3-BF4B-00C04F79EFBC}") = "BackendTests", "BackendTests\BackendTests.csproj", "{B58600AD-001C-AC30-2B72-283F76D6CC68}"
EndProject
Global
	GlobalSection(SolutionConfigurationPlatforms) = preSolution
		Debug|Any CPU = Debug|Any CPU
		Release|Any CPU = Release|Any CPU
	EndGlobalSection
	GlobalSection(ProjectConfigurationPlatforms) = postSolution
		{B7370687-F3A1-4B78-A4F5-D683AD219F74}.Debug|Any CPU.ActiveCfg = Debug|Any CPU
		{B7370687-F3A1-4B78-A4F5-D683AD219F74}.Debug|Any CPU.Build.0 = Debug|Any CPU
		{B7370687-F3A1-4B78-A4F5-D683AD219F74}.Release|Any CPU.ActiveCfg = Release|Any CPU
		{B7370687-F3A1-4B78-A4F5-D683AD219F74}.Release|Any CPU.Build.0 = Release|Any CPU
		{B58600AD-001C-AC30-2B72-283F76D6CC68}.Debug|Any CPU.ActiveCfg = Debug|Any CPU
		{B58600AD-001C-AC30-2B72-283F76D6CC68}.Debug|Any CPU.Build.0 = Debug|Any CPU
		{B58600AD-001C-AC30-2B72-283F76D6CC68}.Release|Any CPU.ActiveCfg = Release|Any CPU
		{B58600AD-001C-AC30-2B72-283F76D6CC68}.Release|Any CPU.Build.0 = Release|Any CPU
	EndGlobalSection
	GlobalSection(SolutionProperties) = preSolution
		HideSolutionNode = FALSE
	EndGlobalSection
	GlobalSection(ExtensibilityGlobals) = postSolution
		SolutionGuid = {519FF0F1-9A30-4F1E-87E2-42C9C0A5144F}
	EndGlobalSection
EndGlobal
